
Microsoft Visual Studio Solution File, Format Version 12.00
# Visual Studio Version 16
VisualStudioVersion = 16.0.31424.327
MinimumVisualStudioVersion = 10.0.40219.1
Project("{9A19103F-16F7-4668-BE54-9A1E7A4F7556}") = "MedicalResearch", "MedicalResearch\MedicalResearch.csproj", "{113D97FE-360E-4D04-8F2C-9B66952EC9BB}"
	ProjectSection(ProjectDependencies) = postProject
		{EB80020F-16D0-4372-AE5D-EEFA29B1B515} = {EB80020F-16D0-4372-AE5D-EEFA29B1B515}
		{45BB48D0-F489-41D2-986E-D8565CCD06E9} = {45BB48D0-F489-41D2-986E-D8565CCD06E9}
	EndProjectSection
EndProject
Project("{00D1A9C2-B5F0-4AF3-8072-F6C62B433612}") = "MedicalResearch.Database", "MedicalResearch.Database\MedicalResearch.Database.sqlproj", "{28CD42E3-AC8F-48FE-81EE-E2711B19DB2A}"
EndProject
Project("{9A19103F-16F7-4668-BE54-9A1E7A4F7556}") = "MedicalResearch.Domain", "MedicalResearch.Domain\MedicalResearch.Domain.csproj", "{D647BC2E-CBBC-44A5-B069-B40F9894A98F}"
EndProject
Project("{9A19103F-16F7-4668-BE54-9A1E7A4F7556}") = "MedicalResearch.Persistence", "MedicalResearch.Persistence\MedicalResearch.Persistence.csproj", "{45BB48D0-F489-41D2-986E-D8565CCD06E9}"
	ProjectSection(ProjectDependencies) = postProject
		{EB80020F-16D0-4372-AE5D-EEFA29B1B515} = {EB80020F-16D0-4372-AE5D-EEFA29B1B515}
	EndProjectSection
EndProject
Project("{9A19103F-16F7-4668-BE54-9A1E7A4F7556}") = "MedicalResearch.Application", "MedicalResearch.Application\MedicalResearch.Application.csproj", "{EB80020F-16D0-4372-AE5D-EEFA29B1B515}"
	ProjectSection(ProjectDependencies) = postProject
		{D647BC2E-CBBC-44A5-B069-B40F9894A98F} = {D647BC2E-CBBC-44A5-B069-B40F9894A98F}
	EndProjectSection
EndProject
Global
	GlobalSection(SolutionConfigurationPlatforms) = preSolution
		Debug|Any CPU = Debug|Any CPU
		Release|Any CPU = Release|Any CPU
	EndGlobalSection
	GlobalSection(ProjectConfigurationPlatforms) = postSolution
		{113D97FE-360E-4D04-8F2C-9B66952EC9BB}.Debug|Any CPU.ActiveCfg = Debug|Any CPU
		{113D97FE-360E-4D04-8F2C-9B66952EC9BB}.Debug|Any CPU.Build.0 = Debug|Any CPU
		{113D97FE-360E-4D04-8F2C-9B66952EC9BB}.Release|Any CPU.ActiveCfg = Release|Any CPU
		{113D97FE-360E-4D04-8F2C-9B66952EC9BB}.Release|Any CPU.Build.0 = Release|Any CPU
		{28CD42E3-AC8F-48FE-81EE-E2711B19DB2A}.Debug|Any CPU.ActiveCfg = Debug|Any CPU
		{28CD42E3-AC8F-48FE-81EE-E2711B19DB2A}.Debug|Any CPU.Build.0 = Debug|Any CPU
		{28CD42E3-AC8F-48FE-81EE-E2711B19DB2A}.Debug|Any CPU.Deploy.0 = Debug|Any CPU
		{28CD42E3-AC8F-48FE-81EE-E2711B19DB2A}.Release|Any CPU.ActiveCfg = Release|Any CPU
		{28CD42E3-AC8F-48FE-81EE-E2711B19DB2A}.Release|Any CPU.Build.0 = Release|Any CPU
		{28CD42E3-AC8F-48FE-81EE-E2711B19DB2A}.Release|Any CPU.Deploy.0 = Release|Any CPU
		{D647BC2E-CBBC-44A5-B069-B40F9894A98F}.Debug|Any CPU.ActiveCfg = Debug|Any CPU
		{D647BC2E-CBBC-44A5-B069-B40F9894A98F}.Debug|Any CPU.Build.0 = Debug|Any CPU
		{D647BC2E-CBBC-44A5-B069-B40F9894A98F}.Release|Any CPU.ActiveCfg = Release|Any CPU
		{D647BC2E-CBBC-44A5-B069-B40F9894A98F}.Release|Any CPU.Build.0 = Release|Any CPU
		{45BB48D0-F489-41D2-986E-D8565CCD06E9}.Debug|Any CPU.ActiveCfg = Debug|Any CPU
		{45BB48D0-F489-41D2-986E-D8565CCD06E9}.Debug|Any CPU.Build.0 = Debug|Any CPU
		{45BB48D0-F489-41D2-986E-D8565CCD06E9}.Release|Any CPU.ActiveCfg = Release|Any CPU
		{45BB48D0-F489-41D2-986E-D8565CCD06E9}.Release|Any CPU.Build.0 = Release|Any CPU
		{EB80020F-16D0-4372-AE5D-EEFA29B1B515}.Debug|Any CPU.ActiveCfg = Debug|Any CPU
		{EB80020F-16D0-4372-AE5D-EEFA29B1B515}.Debug|Any CPU.Build.0 = Debug|Any CPU
		{EB80020F-16D0-4372-AE5D-EEFA29B1B515}.Release|Any CPU.ActiveCfg = Release|Any CPU
		{EB80020F-16D0-4372-AE5D-EEFA29B1B515}.Release|Any CPU.Build.0 = Release|Any CPU
	EndGlobalSection
	GlobalSection(SolutionProperties) = preSolution
		HideSolutionNode = FALSE
	EndGlobalSection
	GlobalSection(ExtensibilityGlobals) = postSolution
		SolutionGuid = {979CC660-F9C2-400C-A1B6-60D489263765}
	EndGlobalSection
EndGlobal
